
Microsoft Visual Studio Solution File, Format Version 12.00
# Visual Studio Version 17
VisualStudioVersion = 17.5.33414.496
MinimumVisualStudioVersion = 10.0.40219.1
Project("{9A19103F-16F7-4668-BE54-9A1E7A4F7556}") = "AppointmentTest", "AppointmentTest\AppointmentTest.csproj", "{938EA3B3-8C07-4C55-BA3F-2A48B32207D8}"
EndProject
Global
	GlobalSection(SolutionConfigurationPlatforms) = preSolution
		Debug|Any CPU = Debug|Any CPU
		Release|Any CPU = Release|Any CPU
	EndGlobalSection
	GlobalSection(ProjectConfigurationPlatforms) = postSolution
		{938EA3B3-8C07-4C55-BA3F-2A48B32207D8}.Debug|Any CPU.ActiveCfg = Debug|Any CPU
		{938EA3B3-8C07-4C55-BA3F-2A48B32207D8}.Debug|Any CPU.Build.0 = Debug|Any CPU
		{938EA3B3-8C07-4C55-BA3F-2A48B32207D8}.Release|Any CPU.ActiveCfg = Release|Any CPU
		{938EA3B3-8C07-4C55-BA3F-2A48B32207D8}.Release|Any CPU.Build.0 = Release|Any CPU
	EndGlobalSection
	GlobalSection(SolutionProperties) = preSolution
		HideSolutionNode = FALSE
	EndGlobalSection
	GlobalSection(ExtensibilityGlobals) = postSolution
		SolutionGuid = {213D617A-78BD-4DF9-8899-91F58DFAD965}
	EndGlobalSection
EndGlobal
